# This file was autogenerated by Stack.
# You should not edit this file by hand.
# For more information, please see the documentation at:
#   https://docs.haskellstack.org/en/stable/lock_files

packages:
- completed:
    hackage: grid-7.8.15@sha256:7fc4a51062c8915e3301774242fbb74bdafcb959e1da17015d5fb1658890eb63,2289
    pantry-tree:
      sha256: a7003826456a83b2f312f1a81938d31a095218731a51afe828168dfb9ec08069
      size: 1880
  original:
    hackage: grid-7.8.15
snapshots:
- completed:
    sha256: e2c529ccfb21501f98f639e056cbde50470b86256d9849d7a82d414ca23e4276
    size: 712898
    url: https://raw.githubusercontent.com/commercialhaskell/stackage-snapshots/master/lts/22/12.yaml
  original: lts-22.12
